{
  "object": {
    "pins": [
      {
        "package": "CoreBluetoothMock",
        "repositoryURL": "https://github.com/NordicSemiconductor/IOS-CoreBluetooth-Mock.git",
        "state": {
          "branch": null,
          "revision": "af28b323cf463e8e64c5c2349aaec3d681748f1d",
          "version": "0.12.0"
        }
      }
    ]
  },
  "version": 1
}
