{
  "object": {
    "pins": [
      {
        "package": "CoreBluetoothMock",
        "repositoryURL": "https://github.com/kaphacius/IOS-CoreBluetooth-Mock.git",
        "state": {
          "branch": null,
          "revision": "9213f23f3346f3cfa8d7aaffc8cdc44daf44dd42",
          "version": null
        }
      }
    ]
  },
  "version": 1
}
