{
  "object": {
    "pins": [
      {
        "package": "CoreBluetoothMock",
        "repositoryURL": "https://github.com/kaphacius/IOS-CoreBluetooth-Mock.git",
        "state": {
          "branch": "master",
          "revision": "2d7df5d3c3aa485d2c61fcb9cd79fbc8888ce61d",
          "version": null
        }
      }
    ]
  },
  "version": 1
}
